
Microsoft Visual Studio Solution File, Format Version 12.00
# Visual Studio Version 17
VisualStudioVersion = 17.7.34031.279
MinimumVisualStudioVersion = 10.0.40219.1
Project("{FAE04EC0-301F-11D3-BF4B-00C04F79EFBC}") = "semana05", "semana05\semana05.csproj", "{543747E1-F3D8-4728-94D9-F2D1AA67452A}"
EndProject
Global
	GlobalSection(SolutionConfigurationPlatforms) = preSolution
		Debug|Any CPU = Debug|Any CPU
		Release|Any CPU = Release|Any CPU
	EndGlobalSection
	GlobalSection(ProjectConfigurationPlatforms) = postSolution
		{543747E1-F3D8-4728-94D9-F2D1AA67452A}.Debug|Any CPU.ActiveCfg = Debug|Any CPU
		{543747E1-F3D8-4728-94D9-F2D1AA67452A}.Debug|Any CPU.Build.0 = Debug|Any CPU
		{543747E1-F3D8-4728-94D9-F2D1AA67452A}.Release|Any CPU.ActiveCfg = Release|Any CPU
		{543747E1-F3D8-4728-94D9-F2D1AA67452A}.Release|Any CPU.Build.0 = Release|Any CPU
	EndGlobalSection
	GlobalSection(SolutionProperties) = preSolution
		HideSolutionNode = FALSE
	EndGlobalSection
	GlobalSection(ExtensibilityGlobals) = postSolution
		SolutionGuid = {856F4266-7044-4B3D-96CC-35E7DA3ADFC2}
	EndGlobalSection
EndGlobal
